
Microsoft Visual Studio Solution File, Format Version 12.00
Project("{FAE04EC0-301F-11D3-BF4B-00C04F79EFBC}") = "instrucoes", "instrucoes\instrucoes.csproj", "{5BB1CF23-3B5F-424D-AE29-61CC5F03A900}"
EndProject
Global
	GlobalSection(SolutionConfigurationPlatforms) = preSolution
		Debug|Any CPU = Debug|Any CPU
		Release|Any CPU = Release|Any CPU
	EndGlobalSection
	GlobalSection(ProjectConfigurationPlatforms) = postSolution
		{5BB1CF23-3B5F-424D-AE29-61CC5F03A900}.Debug|Any CPU.ActiveCfg = Debug|Any CPU
		{5BB1CF23-3B5F-424D-AE29-61CC5F03A900}.Debug|Any CPU.Build.0 = Debug|Any CPU
		{5BB1CF23-3B5F-424D-AE29-61CC5F03A900}.Release|Any CPU.ActiveCfg = Release|Any CPU
		{5BB1CF23-3B5F-424D-AE29-61CC5F03A900}.Release|Any CPU.Build.0 = Release|Any CPU
	EndGlobalSection
EndGlobal
